{
  "name": "GannSq9",
  "lockfileVersion": 3,
  "requires": true,
  "packages": {
    "": {
      "devDependencies": {
        "ignore-loader": "^0.1.2"
      }
    },
    "node_modules/ignore-loader": {
      "version": "0.1.2",
      "resolved": "https://registry.npmjs.org/ignore-loader/-/ignore-loader-0.1.2.tgz",
      "integrity": "sha512-yOJQEKrNwoYqrWLS4DcnzM7SEQhRKis5mB+LdKKh4cPmGYlLPR0ozRzHV5jmEk2IxptqJNQA5Cc0gw8Fj12bXA==",
      "dev": true
    }
  }
}
